// !$*UTF8*$!
{
	archiveVersion = 1;
	classes = {
	};
	objectVersion = 51;
	objects = {

/* Begin PBXBuildFile section */
		55120A9F4D0645338C0517CD /* Pods_ToMeet_ToMeetUITests.framework in Frameworks */ = {isa = PBXBuildFile; fileRef = BFBC79D09A2C8F1470AE7778 /* Pods_ToMeet_ToMeetUITests.framework */; };
		695AB7CA274404FC00614091 /* AppDelegate.swift in Sources */ = {isa = PBXBuildFile; fileRef = 695AB7C9274404FC00614091 /* AppDelegate.swift */; };
		695AB7CC274404FC00614091 /* SceneDelegate.swift in Sources */ = {isa = PBXBuildFile; fileRef = 695AB7CB274404FC00614091 /* SceneDelegate.swift */; };
		695AB7CE274404FC00614091 /* ViewController.swift in Sources */ = {isa = PBXBuildFile; fileRef = 695AB7CD274404FC00614091 /* ViewController.swift */; };
		695AB7D1274404FC00614091 /* Main.storyboard in Resources */ = {isa = PBXBuildFile; fileRef = 695AB7CF274404FC00614091 /* Main.storyboard */; };
		695AB7D32744050100614091 /* Assets.xcassets in Resources */ = {isa = PBXBuildFile; fileRef = 695AB7D22744050100614091 /* Assets.xcassets */; };
		695AB7D62744050100614091 /* LaunchScreen.storyboard in Resources */ = {isa = PBXBuildFile; fileRef = 695AB7D42744050100614091 /* LaunchScreen.storyboard */; };
		695AB7E12744050200614091 /* ToMeetTests.swift in Sources */ = {isa = PBXBuildFile; fileRef = 695AB7E02744050200614091 /* ToMeetTests.swift */; };
		695AB7EC2744050200614091 /* ToMeetUITests.swift in Sources */ = {isa = PBXBuildFile; fileRef = 695AB7EB2744050200614091 /* ToMeetUITests.swift */; };
		A1C7363D4D71F9E07FD54A8C /* Pods_ToMeetTests.framework in Frameworks */ = {isa = PBXBuildFile; fileRef = 9231873980FB34DE0CF2AA34 /* Pods_ToMeetTests.framework */; };
		B5F24B692748CD8200E0C707 /* SignUpViewController.swift in Sources */ = {isa = PBXBuildFile; fileRef = B5F24B682748CD8200E0C707 /* SignUpViewController.swift */; };
		D9BBCFA63B8A414FD7C91753 /* Pods_ToMeet.framework in Frameworks */ = {isa = PBXBuildFile; fileRef = 4EC279F3E60D52541DFC80EB /* Pods_ToMeet.framework */; };
/* End PBXBuildFile section */

/* Begin PBXContainerItemProxy section */
		695AB7DD2744050200614091 /* PBXContainerItemProxy */ = {
			isa = PBXContainerItemProxy;
			containerPortal = 695AB7BE274404FC00614091 /* Project object */;
			proxyType = 1;
			remoteGlobalIDString = 695AB7C5274404FC00614091;
			remoteInfo = ToMeet;
		};
		695AB7E82744050200614091 /* PBXContainerItemProxy */ = {
			isa = PBXContainerItemProxy;
			containerPortal = 695AB7BE274404FC00614091 /* Project object */;
			proxyType = 1;
			remoteGlobalIDString = 695AB7C5274404FC00614091;
			remoteInfo = ToMeet;
		};
/* End PBXContainerItemProxy section */

/* Begin PBXFileReference section */
		0A519D74C478619BC2530606 /* Pods-ToMeetTests.debug.xcconfig */ = {isa = PBXFileReference; includeInIndex = 1; lastKnownFileType = text.xcconfig; name = "Pods-ToMeetTests.debug.xcconfig"; path = "Target Support Files/Pods-ToMeetTests/Pods-ToMeetTests.debug.xcconfig"; sourceTree = "<group>"; };
		482ABCE1A7B9D86BDB1E0070 /* Pods-ToMeet.release.xcconfig */ = {isa = PBXFileReference; includeInIndex = 1; lastKnownFileType = text.xcconfig; name = "Pods-ToMeet.release.xcconfig"; path = "Target Support Files/Pods-ToMeet/Pods-ToMeet.release.xcconfig"; sourceTree = "<group>"; };
		4EC279F3E60D52541DFC80EB /* Pods_ToMeet.framework */ = {isa = PBXFileReference; explicitFileType = wrapper.framework; includeInIndex = 0; path = Pods_ToMeet.framework; sourceTree = BUILT_PRODUCTS_DIR; };
		4EFEE5938CECB07436124507 /* Pods-ToMeet-ToMeetUITests.release.xcconfig */ = {isa = PBXFileReference; includeInIndex = 1; lastKnownFileType = text.xcconfig; name = "Pods-ToMeet-ToMeetUITests.release.xcconfig"; path = "Target Support Files/Pods-ToMeet-ToMeetUITests/Pods-ToMeet-ToMeetUITests.release.xcconfig"; sourceTree = "<group>"; };
		5E523CB0794B06076C9FF2C9 /* Pods-ToMeetTests.release.xcconfig */ = {isa = PBXFileReference; includeInIndex = 1; lastKnownFileType = text.xcconfig; name = "Pods-ToMeetTests.release.xcconfig"; path = "Target Support Files/Pods-ToMeetTests/Pods-ToMeetTests.release.xcconfig"; sourceTree = "<group>"; };
		695AB7C6274404FC00614091 /* ToMeet.app */ = {isa = PBXFileReference; explicitFileType = wrapper.application; includeInIndex = 0; path = ToMeet.app; sourceTree = BUILT_PRODUCTS_DIR; };
		695AB7C9274404FC00614091 /* AppDelegate.swift */ = {isa = PBXFileReference; lastKnownFileType = sourcecode.swift; path = AppDelegate.swift; sourceTree = "<group>"; };
		695AB7CB274404FC00614091 /* SceneDelegate.swift */ = {isa = PBXFileReference; lastKnownFileType = sourcecode.swift; path = SceneDelegate.swift; sourceTree = "<group>"; };
		695AB7CD274404FC00614091 /* ViewController.swift */ = {isa = PBXFileReference; lastKnownFileType = sourcecode.swift; path = ViewController.swift; sourceTree = "<group>"; };
		695AB7D0274404FC00614091 /* Base */ = {isa = PBXFileReference; lastKnownFileType = file.storyboard; name = Base; path = Base.lproj/Main.storyboard; sourceTree = "<group>"; };
		695AB7D22744050100614091 /* Assets.xcassets */ = {isa = PBXFileReference; lastKnownFileType = folder.assetcatalog; path = Assets.xcassets; sourceTree = "<group>"; };
		695AB7D52744050100614091 /* Base */ = {isa = PBXFileReference; lastKnownFileType = file.storyboard; name = Base; path = Base.lproj/LaunchScreen.storyboard; sourceTree = "<group>"; };
		695AB7D72744050100614091 /* Info.plist */ = {isa = PBXFileReference; lastKnownFileType = text.plist.xml; path = Info.plist; sourceTree = "<group>"; };
		695AB7DC2744050200614091 /* ToMeetTests.xctest */ = {isa = PBXFileReference; explicitFileType = wrapper.cfbundle; includeInIndex = 0; path = ToMeetTests.xctest; sourceTree = BUILT_PRODUCTS_DIR; };
		695AB7E02744050200614091 /* ToMeetTests.swift */ = {isa = PBXFileReference; lastKnownFileType = sourcecode.swift; path = ToMeetTests.swift; sourceTree = "<group>"; };
		695AB7E22744050200614091 /* Info.plist */ = {isa = PBXFileReference; lastKnownFileType = text.plist.xml; path = Info.plist; sourceTree = "<group>"; };
		695AB7E72744050200614091 /* ToMeetUITests.xctest */ = {isa = PBXFileReference; explicitFileType = wrapper.cfbundle; includeInIndex = 0; path = ToMeetUITests.xctest; sourceTree = BUILT_PRODUCTS_DIR; };
		695AB7EB2744050200614091 /* ToMeetUITests.swift */ = {isa = PBXFileReference; lastKnownFileType = sourcecode.swift; path = ToMeetUITests.swift; sourceTree = "<group>"; };
		695AB7ED2744050200614091 /* Info.plist */ = {isa = PBXFileReference; lastKnownFileType = text.plist.xml; path = Info.plist; sourceTree = "<group>"; };
		820363BEFE761EC330C2709A /* Pods-ToMeet.debug.xcconfig */ = {isa = PBXFileReference; includeInIndex = 1; lastKnownFileType = text.xcconfig; name = "Pods-ToMeet.debug.xcconfig"; path = "Target Support Files/Pods-ToMeet/Pods-ToMeet.debug.xcconfig"; sourceTree = "<group>"; };
		9231873980FB34DE0CF2AA34 /* Pods_ToMeetTests.framework */ = {isa = PBXFileReference; explicitFileType = wrapper.framework; includeInIndex = 0; path = Pods_ToMeetTests.framework; sourceTree = BUILT_PRODUCTS_DIR; };
		B5F24B682748CD8200E0C707 /* SignUpViewController.swift */ = {isa = PBXFileReference; lastKnownFileType = sourcecode.swift; path = SignUpViewController.swift; sourceTree = "<group>"; };
		BFBC79D09A2C8F1470AE7778 /* Pods_ToMeet_ToMeetUITests.framework */ = {isa = PBXFileReference; explicitFileType = wrapper.framework; includeInIndex = 0; path = Pods_ToMeet_ToMeetUITests.framework; sourceTree = BUILT_PRODUCTS_DIR; };
		E1C46CCC58FBCAC6274225EE /* Pods-ToMeet-ToMeetUITests.debug.xcconfig */ = {isa = PBXFileReference; includeInIndex = 1; lastKnownFileType = text.xcconfig; name = "Pods-ToMeet-ToMeetUITests.debug.xcconfig"; path = "Target Support Files/Pods-ToMeet-ToMeetUITests/Pods-ToMeet-ToMeetUITests.debug.xcconfig"; sourceTree = "<group>"; };
/* End PBXFileReference section */

/* Begin PBXFrameworksBuildPhase section */
		695AB7C3274404FC00614091 /* Frameworks */ = {
			isa = PBXFrameworksBuildPhase;
			buildActionMask = 2147483647;
			files = (
				D9BBCFA63B8A414FD7C91753 /* Pods_ToMeet.framework in Frameworks */,
			);
			runOnlyForDeploymentPostprocessing = 0;
		};
		695AB7D92744050200614091 /* Frameworks */ = {
			isa = PBXFrameworksBuildPhase;
			buildActionMask = 2147483647;
			files = (
				A1C7363D4D71F9E07FD54A8C /* Pods_ToMeetTests.framework in Frameworks */,
			);
			runOnlyForDeploymentPostprocessing = 0;
		};
		695AB7E42744050200614091 /* Frameworks */ = {
			isa = PBXFrameworksBuildPhase;
			buildActionMask = 2147483647;
			files = (
				55120A9F4D0645338C0517CD /* Pods_ToMeet_ToMeetUITests.framework in Frameworks */,
			);
			runOnlyForDeploymentPostprocessing = 0;
		};
/* End PBXFrameworksBuildPhase section */

/* Begin PBXGroup section */
		0759CB6B2C5766D2B142C0C9 /* Pods */ = {
			isa = PBXGroup;
			children = (
				820363BEFE761EC330C2709A /* Pods-ToMeet.debug.xcconfig */,
				482ABCE1A7B9D86BDB1E0070 /* Pods-ToMeet.release.xcconfig */,
				E1C46CCC58FBCAC6274225EE /* Pods-ToMeet-ToMeetUITests.debug.xcconfig */,
				4EFEE5938CECB07436124507 /* Pods-ToMeet-ToMeetUITests.release.xcconfig */,
				0A519D74C478619BC2530606 /* Pods-ToMeetTests.debug.xcconfig */,
				5E523CB0794B06076C9FF2C9 /* Pods-ToMeetTests.release.xcconfig */,
			);
			path = Pods;
			sourceTree = "<group>";
		};
		695AB7BD274404FC00614091 = {
			isa = PBXGroup;
			children = (
				695AB7C8274404FC00614091 /* ToMeet */,
				695AB7DF2744050200614091 /* ToMeetTests */,
				695AB7EA2744050200614091 /* ToMeetUITests */,
				695AB7C7274404FC00614091 /* Products */,
				0759CB6B2C5766D2B142C0C9 /* Pods */,
				BD991CF10378CCC6F14EC8F8 /* Frameworks */,
			);
			sourceTree = "<group>";
		};
		695AB7C7274404FC00614091 /* Products */ = {
			isa = PBXGroup;
			children = (
				695AB7C6274404FC00614091 /* ToMeet.app */,
				695AB7DC2744050200614091 /* ToMeetTests.xctest */,
				695AB7E72744050200614091 /* ToMeetUITests.xctest */,
			);
			name = Products;
			sourceTree = "<group>";
		};
		695AB7C8274404FC00614091 /* ToMeet */ = {
			isa = PBXGroup;
			children = (
				695AB7C9274404FC00614091 /* AppDelegate.swift */,
				695AB7CB274404FC00614091 /* SceneDelegate.swift */,
				695AB7CD274404FC00614091 /* ViewController.swift */,
				B5F24B682748CD8200E0C707 /* SignUpViewController.swift */,
				695AB7CF274404FC00614091 /* Main.storyboard */,
				695AB7D22744050100614091 /* Assets.xcassets */,
				695AB7D42744050100614091 /* LaunchScreen.storyboard */,
				695AB7D72744050100614091 /* Info.plist */,
			);
			path = ToMeet;
			sourceTree = "<group>";
		};
		695AB7DF2744050200614091 /* ToMeetTests */ = {
			isa = PBXGroup;
			children = (
				695AB7E02744050200614091 /* ToMeetTests.swift */,
				695AB7E22744050200614091 /* Info.plist */,
			);
			path = ToMeetTests;
			sourceTree = "<group>";
		};
		695AB7EA2744050200614091 /* ToMeetUITests */ = {
			isa = PBXGroup;
			children = (
				695AB7EB2744050200614091 /* ToMeetUITests.swift */,
				695AB7ED2744050200614091 /* Info.plist */,
			);
			path = ToMeetUITests;
			sourceTree = "<group>";
		};
		BD991CF10378CCC6F14EC8F8 /* Frameworks */ = {
			isa = PBXGroup;
			children = (
				4EC279F3E60D52541DFC80EB /* Pods_ToMeet.framework */,
				BFBC79D09A2C8F1470AE7778 /* Pods_ToMeet_ToMeetUITests.framework */,
				9231873980FB34DE0CF2AA34 /* Pods_ToMeetTests.framework */,
			);
			name = Frameworks;
			sourceTree = "<group>";
		};
/* End PBXGroup section */

/* Begin PBXNativeTarget section */
		695AB7C5274404FC00614091 /* ToMeet */ = {
			isa = PBXNativeTarget;
			buildConfigurationList = 695AB7F02744050200614091 /* Build configuration list for PBXNativeTarget "ToMeet" */;
			buildPhases = (
				D083930F4A3EBA0F4977EE87 /* [CP] Check Pods Manifest.lock */,
				695AB7C2274404FC00614091 /* Sources */,
				695AB7C3274404FC00614091 /* Frameworks */,
				695AB7C4274404FC00614091 /* Resources */,
				0672BAAE54CA06B983A56138 /* [CP] Embed Pods Frameworks */,
			);
			buildRules = (
			);
			dependencies = (
			);
			name = ToMeet;
			productName = ToMeet;
			productReference = 695AB7C6274404FC00614091 /* ToMeet.app */;
			productType = "com.apple.product-type.application";
		};
		695AB7DB2744050200614091 /* ToMeetTests */ = {
			isa = PBXNativeTarget;
			buildConfigurationList = 695AB7F32744050200614091 /* Build configuration list for PBXNativeTarget "ToMeetTests" */;
			buildPhases = (
				6A9A17933974E066665B6C8C /* [CP] Check Pods Manifest.lock */,
				695AB7D82744050200614091 /* Sources */,
				695AB7D92744050200614091 /* Frameworks */,
				695AB7DA2744050200614091 /* Resources */,
			);
			buildRules = (
			);
			dependencies = (
				695AB7DE2744050200614091 /* PBXTargetDependency */,
			);
			name = ToMeetTests;
			productName = ToMeetTests;
			productReference = 695AB7DC2744050200614091 /* ToMeetTests.xctest */;
			productType = "com.apple.product-type.bundle.unit-test";
		};
		695AB7E62744050200614091 /* ToMeetUITests */ = {
			isa = PBXNativeTarget;
			buildConfigurationList = 695AB7F62744050200614091 /* Build configuration list for PBXNativeTarget "ToMeetUITests" */;
			buildPhases = (
				5E3EAB744A85222076FEE8E9 /* [CP] Check Pods Manifest.lock */,
				695AB7E32744050200614091 /* Sources */,
				695AB7E42744050200614091 /* Frameworks */,
				695AB7E52744050200614091 /* Resources */,
				415EBE745B8C8C6C419C3CBF /* [CP] Embed Pods Frameworks */,
			);
			buildRules = (
			);
			dependencies = (
				695AB7E92744050200614091 /* PBXTargetDependency */,
			);
			name = ToMeetUITests;
			productName = ToMeetUITests;
			productReference = 695AB7E72744050200614091 /* ToMeetUITests.xctest */;
			productType = "com.apple.product-type.bundle.ui-testing";
		};
/* End PBXNativeTarget section */

/* Begin PBXProject section */
		695AB7BE274404FC00614091 /* Project object */ = {
			isa = PBXProject;
			attributes = {
				LastSwiftUpdateCheck = 1250;
				LastUpgradeCheck = 1250;
				TargetAttributes = {
					695AB7C5274404FC00614091 = {
						CreatedOnToolsVersion = 12.5.1;
					};
					695AB7DB2744050200614091 = {
						CreatedOnToolsVersion = 12.5.1;
						TestTargetID = 695AB7C5274404FC00614091;
					};
					695AB7E62744050200614091 = {
						CreatedOnToolsVersion = 12.5.1;
						TestTargetID = 695AB7C5274404FC00614091;
					};
				};
			};
			buildConfigurationList = 695AB7C1274404FC00614091 /* Build configuration list for PBXProject "ToMeet" */;
			compatibilityVersion = "Xcode 9.3";
			developmentRegion = en;
			hasScannedForEncodings = 0;
			knownRegions = (
				en,
				Base,
			);
			mainGroup = 695AB7BD274404FC00614091;
			productRefGroup = 695AB7C7274404FC00614091 /* Products */;
			projectDirPath = "";
			projectRoot = "";
			targets = (
				695AB7C5274404FC00614091 /* ToMeet */,
				695AB7DB2744050200614091 /* ToMeetTests */,
				695AB7E62744050200614091 /* ToMeetUITests */,
			);
		};
/* End PBXProject section */

/* Begin PBXResourcesBuildPhase section */
		695AB7C4274404FC00614091 /* Resources */ = {
			isa = PBXResourcesBuildPhase;
			buildActionMask = 2147483647;
			files = (
				695AB7D62744050100614091 /* LaunchScreen.storyboard in Resources */,
				695AB7D32744050100614091 /* Assets.xcassets in Resources */,
				695AB7D1274404FC00614091 /* Main.storyboard in Resources */,
			);
			runOnlyForDeploymentPostprocessing = 0;
		};
		695AB7DA2744050200614091 /* Resources */ = {
			isa = PBXResourcesBuildPhase;
			buildActionMask = 2147483647;
			files = (
			);
			runOnlyForDeploymentPostprocessing = 0;
		};
		695AB7E52744050200614091 /* Resources */ = {
			isa = PBXResourcesBuildPhase;
			buildActionMask = 2147483647;
			files = (
			);
			runOnlyForDeploymentPostprocessing = 0;
		};
/* End PBXResourcesBuildPhase section */

/* Begin PBXShellScriptBuildPhase section */
		0672BAAE54CA06B983A56138 /* [CP] Embed Pods Frameworks */ = {
			isa = PBXShellScriptBuildPhase;
			buildActionMask = 2147483647;
			files = (
			);
			inputFileListPaths = (
				"${PODS_ROOT}/Target Support Files/Pods-ToMeet/Pods-ToMeet-frameworks-${CONFIGURATION}-input-files.xcfilelist",
			);
			name = "[CP] Embed Pods Frameworks";
			outputFileListPaths = (
				"${PODS_ROOT}/Target Support Files/Pods-ToMeet/Pods-ToMeet-frameworks-${CONFIGURATION}-output-files.xcfilelist",
			);
			runOnlyForDeploymentPostprocessing = 0;
			shellPath = /bin/sh;
			shellScript = "\"${PODS_ROOT}/Target Support Files/Pods-ToMeet/Pods-ToMeet-frameworks.sh\"\n";
			showEnvVarsInLog = 0;
		};
		415EBE745B8C8C6C419C3CBF /* [CP] Embed Pods Frameworks */ = {
			isa = PBXShellScriptBuildPhase;
			buildActionMask = 2147483647;
			files = (
			);
			inputFileListPaths = (
				"${PODS_ROOT}/Target Support Files/Pods-ToMeet-ToMeetUITests/Pods-ToMeet-ToMeetUITests-frameworks-${CONFIGURATION}-input-files.xcfilelist",
			);
			name = "[CP] Embed Pods Frameworks";
			outputFileListPaths = (
				"${PODS_ROOT}/Target Support Files/Pods-ToMeet-ToMeetUITests/Pods-ToMeet-ToMeetUITests-frameworks-${CONFIGURATION}-output-files.xcfilelist",
			);
			runOnlyForDeploymentPostprocessing = 0;
			shellPath = /bin/sh;
			shellScript = "\"${PODS_ROOT}/Target Support Files/Pods-ToMeet-ToMeetUITests/Pods-ToMeet-ToMeetUITests-frameworks.sh\"\n";
			showEnvVarsInLog = 0;
		};
		5E3EAB744A85222076FEE8E9 /* [CP] Check Pods Manifest.lock */ = {
			isa = PBXShellScriptBuildPhase;
			buildActionMask = 2147483647;
			files = (
			);
			inputFileListPaths = (
			);
			inputPaths = (
				"${PODS_PODFILE_DIR_PATH}/Podfile.lock",
				"${PODS_ROOT}/Manifest.lock",
			);
			name = "[CP] Check Pods Manifest.lock";
			outputFileListPaths = (
			);
			outputPaths = (
				"$(DERIVED_FILE_DIR)/Pods-ToMeet-ToMeetUITests-checkManifestLockResult.txt",
			);
			runOnlyForDeploymentPostprocessing = 0;
			shellPath = /bin/sh;
			shellScript = "diff \"${PODS_PODFILE_DIR_PATH}/Podfile.lock\" \"${PODS_ROOT}/Manifest.lock\" > /dev/null\nif [ $? != 0 ] ; then\n    # print error to STDERR\n    echo \"error: The sandbox is not in sync with the Podfile.lock. Run 'pod install' or update your CocoaPods installation.\" >&2\n    exit 1\nfi\n# This output is used by Xcode 'outputs' to avoid re-running this script phase.\necho \"SUCCESS\" > \"${SCRIPT_OUTPUT_FILE_0}\"\n";
			showEnvVarsInLog = 0;
		};
		6A9A17933974E066665B6C8C /* [CP] Check Pods Manifest.lock */ = {
			isa = PBXShellScriptBuildPhase;
			buildActionMask = 2147483647;
			files = (
			);
			inputFileListPaths = (
			);
			inputPaths = (
				"${PODS_PODFILE_DIR_PATH}/Podfile.lock",
				"${PODS_ROOT}/Manifest.lock",
			);
			name = "[CP] Check Pods Manifest.lock";
			outputFileListPaths = (
			);
			outputPaths = (
				"$(DERIVED_FILE_DIR)/Pods-ToMeetTests-checkManifestLockResult.txt",
			);
			runOnlyForDeploymentPostprocessing = 0;
			shellPath = /bin/sh;
			shellScript = "diff \"${PODS_PODFILE_DIR_PATH}/Podfile.lock\" \"${PODS_ROOT}/Manifest.lock\" > /dev/null\nif [ $? != 0 ] ; then\n    # print error to STDERR\n    echo \"error: The sandbox is not in sync with the Podfile.lock. Run 'pod install' or update your CocoaPods installation.\" >&2\n    exit 1\nfi\n# This output is used by Xcode 'outputs' to avoid re-running this script phase.\necho \"SUCCESS\" > \"${SCRIPT_OUTPUT_FILE_0}\"\n";
			showEnvVarsInLog = 0;
		};
		D083930F4A3EBA0F4977EE87 /* [CP] Check Pods Manifest.lock */ = {
			isa = PBXShellScriptBuildPhase;
			buildActionMask = 2147483647;
			files = (
			);
			inputFileListPaths = (
			);
			inputPaths = (
				"${PODS_PODFILE_DIR_PATH}/Podfile.lock",
				"${PODS_ROOT}/Manifest.lock",
			);
			name = "[CP] Check Pods Manifest.lock";
			outputFileListPaths = (
			);
			outputPaths = (
				"$(DERIVED_FILE_DIR)/Pods-ToMeet-checkManifestLockResult.txt",
			);
			runOnlyForDeploymentPostprocessing = 0;
			shellPath = /bin/sh;
			shellScript = "diff \"${PODS_PODFILE_DIR_PATH}/Podfile.lock\" \"${PODS_ROOT}/Manifest.lock\" > /dev/null\nif [ $? != 0 ] ; then\n    # print error to STDERR\n    echo \"error: The sandbox is not in sync with the Podfile.lock. Run 'pod install' or update your CocoaPods installation.\" >&2\n    exit 1\nfi\n# This output is used by Xcode 'outputs' to avoid re-running this script phase.\necho \"SUCCESS\" > \"${SCRIPT_OUTPUT_FILE_0}\"\n";
			showEnvVarsInLog = 0;
		};
/* End PBXShellScriptBuildPhase section */

/* Begin PBXSourcesBuildPhase section */
		695AB7C2274404FC00614091 /* Sources */ = {
			isa = PBXSourcesBuildPhase;
			buildActionMask = 2147483647;
			files = (
				695AB7CE274404FC00614091 /* ViewController.swift in Sources */,
				695AB7CA274404FC00614091 /* AppDelegate.swift in Sources */,
				B5F24B692748CD8200E0C707 /* SignUpViewController.swift in Sources */,
				695AB7CC274404FC00614091 /* SceneDelegate.swift in Sources */,
			);
			runOnlyForDeploymentPostprocessing = 0;
		};
		695AB7D82744050200614091 /* Sources */ = {
			isa = PBXSourcesBuildPhase;
			buildActionMask = 2147483647;
			files = (
				695AB7E12744050200614091 /* ToMeetTests.swift in Sources */,
			);
			runOnlyForDeploymentPostprocessing = 0;
		};
		695AB7E32744050200614091 /* Sources */ = {
			isa = PBXSourcesBuildPhase;
			buildActionMask = 2147483647;
			files = (
				695AB7EC2744050200614091 /* ToMeetUITests.swift in Sources */,
			);
			runOnlyForDeploymentPostprocessing = 0;
		};
/* End PBXSourcesBuildPhase section */

/* Begin PBXTargetDependency section */
		695AB7DE2744050200614091 /* PBXTargetDependency */ = {
			isa = PBXTargetDependency;
			target = 695AB7C5274404FC00614091 /* ToMeet */;
			targetProxy = 695AB7DD2744050200614091 /* PBXContainerItemProxy */;
		};
		695AB7E92744050200614091 /* PBXTargetDependency */ = {
			isa = PBXTargetDependency;
			target = 695AB7C5274404FC00614091 /* ToMeet */;
			targetProxy = 695AB7E82744050200614091 /* PBXContainerItemProxy */;
		};
/* End PBXTargetDependency section */

/* Begin PBXVariantGroup section */
		695AB7CF274404FC00614091 /* Main.storyboard */ = {
			isa = PBXVariantGroup;
			children = (
				695AB7D0274404FC00614091 /* Base */,
			);
			name = Main.storyboard;
			sourceTree = "<group>";
		};
		695AB7D42744050100614091 /* LaunchScreen.storyboard */ = {
			isa = PBXVariantGroup;
			children = (
				695AB7D52744050100614091 /* Base */,
			);
			name = LaunchScreen.storyboard;
			sourceTree = "<group>";
		};
/* End PBXVariantGroup section */

/* Begin XCBuildConfiguration section */
		695AB7EE2744050200614091 /* Debug */ = {
			isa = XCBuildConfiguration;
			buildSettings = {
				ALWAYS_SEARCH_USER_PATHS = NO;
				CLANG_ANALYZER_NONNULL = YES;
				CLANG_ANALYZER_NUMBER_OBJECT_CONVERSION = YES_AGGRESSIVE;
				CLANG_CXX_LANGUAGE_STANDARD = "gnu++14";
				CLANG_CXX_LIBRARY = "libc++";
				CLANG_ENABLE_MODULES = YES;
				CLANG_ENABLE_OBJC_ARC = YES;
				CLANG_ENABLE_OBJC_WEAK = YES;
				CLANG_WARN_BLOCK_CAPTURE_AUTORELEASING = YES;
				CLANG_WARN_BOOL_CONVERSION = YES;
				CLANG_WARN_COMMA = YES;
				CLANG_WARN_CONSTANT_CONVERSION = YES;
				CLANG_WARN_DEPRECATED_OBJC_IMPLEMENTATIONS = YES;
				CLANG_WARN_DIRECT_OBJC_ISA_USAGE = YES_ERROR;
				CLANG_WARN_DOCUMENTATION_COMMENTS = YES;
				CLANG_WARN_EMPTY_BODY = YES;
				CLANG_WARN_ENUM_CONVERSION = YES;
				CLANG_WARN_INFINITE_RECURSION = YES;
				CLANG_WARN_INT_CONVERSION = YES;
				CLANG_WARN_NON_LITERAL_NULL_CONVERSION = YES;
				CLANG_WARN_OBJC_IMPLICIT_RETAIN_SELF = YES;
				CLANG_WARN_OBJC_LITERAL_CONVERSION = YES;
				CLANG_WARN_OBJC_ROOT_CLASS = YES_ERROR;
				CLANG_WARN_QUOTED_INCLUDE_IN_FRAMEWORK_HEADER = YES;
				CLANG_WARN_RANGE_LOOP_ANALYSIS = YES;
				CLANG_WARN_STRICT_PROTOTYPES = YES;
				CLANG_WARN_SUSPICIOUS_MOVE = YES;
				CLANG_WARN_UNGUARDED_AVAILABILITY = YES_AGGRESSIVE;
				CLANG_WARN_UNREACHABLE_CODE = YES;
				CLANG_WARN__DUPLICATE_METHOD_MATCH = YES;
				COPY_PHASE_STRIP = NO;
				DEBUG_INFORMATION_FORMAT = dwarf;
				ENABLE_STRICT_OBJC_MSGSEND = YES;
				ENABLE_TESTABILITY = YES;
				GCC_C_LANGUAGE_STANDARD = gnu11;
				GCC_DYNAMIC_NO_PIC = NO;
				GCC_NO_COMMON_BLOCKS = YES;
				GCC_OPTIMIZATION_LEVEL = 0;
				GCC_PREPROCESSOR_DEFINITIONS = (
					"DEBUG=1",
					"$(inherited)",
				);
				GCC_WARN_64_TO_32_BIT_CONVERSION = YES;
				GCC_WARN_ABOUT_RETURN_TYPE = YES_ERROR;
				GCC_WARN_UNDECLARED_SELECTOR = YES;
				GCC_WARN_UNINITIALIZED_AUTOS = YES_AGGRESSIVE;
				GCC_WARN_UNUSED_FUNCTION = YES;
				GCC_WARN_UNUSED_VARIABLE = YES;
				IPHONEOS_DEPLOYMENT_TARGET = 14.5;
				MTL_ENABLE_DEBUG_INFO = INCLUDE_SOURCE;
				MTL_FAST_MATH = YES;
				ONLY_ACTIVE_ARCH = YES;
				SDKROOT = iphoneos;
				SWIFT_ACTIVE_COMPILATION_CONDITIONS = DEBUG;
				SWIFT_OPTIMIZATION_LEVEL = "-Onone";
			};
			name = Debug;
		};
		695AB7EF2744050200614091 /* Release */ = {
			isa = XCBuildConfiguration;
			buildSettings = {
				ALWAYS_SEARCH_USER_PATHS = NO;
				CLANG_ANALYZER_NONNULL = YES;
				CLANG_ANALYZER_NUMBER_OBJECT_CONVERSION = YES_AGGRESSIVE;
				CLANG_CXX_LANGUAGE_STANDARD = "gnu++14";
				CLANG_CXX_LIBRARY = "libc++";
				CLANG_ENABLE_MODULES = YES;
				CLANG_ENABLE_OBJC_ARC = YES;
				CLANG_ENABLE_OBJC_WEAK = YES;
				CLANG_WARN_BLOCK_CAPTURE_AUTORELEASING = YES;
				CLANG_WARN_BOOL_CONVERSION = YES;
				CLANG_WARN_COMMA = YES;
				CLANG_WARN_CONSTANT_CONVERSION = YES;
				CLANG_WARN_DEPRECATED_OBJC_IMPLEMENTATIONS = YES;
				CLANG_WARN_DIRECT_OBJC_ISA_USAGE = YES_ERROR;
				CLANG_WARN_DOCUMENTATION_COMMENTS = YES;
				CLANG_WARN_EMPTY_BODY = YES;
				CLANG_WARN_ENUM_CONVERSION = YES;
				CLANG_WARN_INFINITE_RECURSION = YES;
				CLANG_WARN_INT_CONVERSION = YES;
				CLANG_WARN_NON_LITERAL_NULL_CONVERSION = YES;
				CLANG_WARN_OBJC_IMPLICIT_RETAIN_SELF = YES;
				CLANG_WARN_OBJC_LITERAL_CONVERSION = YES;
				CLANG_WARN_OBJC_ROOT_CLASS = YES_ERROR;
				CLANG_WARN_QUOTED_INCLUDE_IN_FRAMEWORK_HEADER = YES;
				CLANG_WARN_RANGE_LOOP_ANALYSIS = YES;
				CLANG_WARN_STRICT_PROTOTYPES = YES;
				CLANG_WARN_SUSPICIOUS_MOVE = YES;
				CLANG_WARN_UNGUARDED_AVAILABILITY = YES_AGGRESSIVE;
				CLANG_WARN_UNREACHABLE_CODE = YES;
				CLANG_WARN__DUPLICATE_METHOD_MATCH = YES;
				COPY_PHASE_STRIP = NO;
				DEBUG_INFORMATION_FORMAT = "dwarf-with-dsym";
				ENABLE_NS_ASSERTIONS = NO;
				ENABLE_STRICT_OBJC_MSGSEND = YES;
				GCC_C_LANGUAGE_STANDARD = gnu11;
				GCC_NO_COMMON_BLOCKS = YES;
				GCC_WARN_64_TO_32_BIT_CONVERSION = YES;
				GCC_WARN_ABOUT_RETURN_TYPE = YES_ERROR;
				GCC_WARN_UNDECLARED_SELECTOR = YES;
				GCC_WARN_UNINITIALIZED_AUTOS = YES_AGGRESSIVE;
				GCC_WARN_UNUSED_FUNCTION = YES;
				GCC_WARN_UNUSED_VARIABLE = YES;
				IPHONEOS_DEPLOYMENT_TARGET = 14.5;
				MTL_ENABLE_DEBUG_INFO = NO;
				MTL_FAST_MATH = YES;
				SDKROOT = iphoneos;
				SWIFT_COMPILATION_MODE = wholemodule;
				SWIFT_OPTIMIZATION_LEVEL = "-O";
				VALIDATE_PRODUCT = YES;
			};
			name = Release;
		};
		695AB7F12744050200614091 /* Debug */ = {
			isa = XCBuildConfiguration;
			baseConfigurationReference = 820363BEFE761EC330C2709A /* Pods-ToMeet.debug.xcconfig */;
			buildSettings = {
				ASSETCATALOG_COMPILER_APPICON_NAME = AppIcon;
				ASSETCATALOG_COMPILER_GLOBAL_ACCENT_COLOR_NAME = AccentColor;
				CODE_SIGN_STYLE = Automatic;
				INFOPLIST_FILE = ToMeet/Info.plist;
				LD_RUNPATH_SEARCH_PATHS = (
					"$(inherited)",
					"@executable_path/Frameworks",
				);
				PRODUCT_BUNDLE_IDENTIFIER = allysayap.ToMeet;
				PRODUCT_NAME = "$(TARGET_NAME)";
				SWIFT_VERSION = 5.0;
				TARGETED_DEVICE_FAMILY = "1,2";
			};
			name = Debug;
		};
		695AB7F22744050200614091 /* Release */ = {
			isa = XCBuildConfiguration;
			baseConfigurationReference = 482ABCE1A7B9D86BDB1E0070 /* Pods-ToMeet.release.xcconfig */;
			buildSettings = {
				ASSETCATALOG_COMPILER_APPICON_NAME = AppIcon;
				ASSETCATALOG_COMPILER_GLOBAL_ACCENT_COLOR_NAME = AccentColor;
				CODE_SIGN_STYLE = Automatic;
				INFOPLIST_FILE = ToMeet/Info.plist;
				LD_RUNPATH_SEARCH_PATHS = (
					"$(inherited)",
					"@executable_path/Frameworks",
				);
				PRODUCT_BUNDLE_IDENTIFIER = allysayap.ToMeet;
				PRODUCT_NAME = "$(TARGET_NAME)";
				SWIFT_VERSION = 5.0;
				TARGETED_DEVICE_FAMILY = "1,2";
			};
			name = Release;
		};
		695AB7F42744050200614091 /* Debug */ = {
			isa = XCBuildConfiguration;
			baseConfigurationReference = 0A519D74C478619BC2530606 /* Pods-ToMeetTests.debug.xcconfig */;
			buildSettings = {
				ALWAYS_EMBED_SWIFT_STANDARD_LIBRARIES = YES;
				BUNDLE_LOADER = "$(TEST_HOST)";
				CODE_SIGN_STYLE = Automatic;
				INFOPLIST_FILE = ToMeetTests/Info.plist;
				IPHONEOS_DEPLOYMENT_TARGET = 14.5;
				LD_RUNPATH_SEARCH_PATHS = (
					"$(inherited)",
					"@executable_path/Frameworks",
					"@loader_path/Frameworks",
				);
				PRODUCT_BUNDLE_IDENTIFIER = allysayap.ToMeetTests;
				PRODUCT_NAME = "$(TARGET_NAME)";
				SWIFT_VERSION = 5.0;
				TARGETED_DEVICE_FAMILY = "1,2";
				TEST_HOST = "$(BUILT_PRODUCTS_DIR)/ToMeet.app/ToMeet";
			};
			name = Debug;
		};
		695AB7F52744050200614091 /* Release */ = {
			isa = XCBuildConfiguration;
			baseConfigurationReference = 5E523CB0794B06076C9FF2C9 /* Pods-ToMeetTests.release.xcconfig */;
			buildSettings = {
				ALWAYS_EMBED_SWIFT_STANDARD_LIBRARIES = YES;
				BUNDLE_LOADER = "$(TEST_HOST)";
				CODE_SIGN_STYLE = Automatic;
				INFOPLIST_FILE = ToMeetTests/Info.plist;
				IPHONEOS_DEPLOYMENT_TARGET = 14.5;
				LD_RUNPATH_SEARCH_PATHS = (
					"$(inherited)",
					"@executable_path/Frameworks",
					"@loader_path/Frameworks",
				);
				PRODUCT_BUNDLE_IDENTIFIER = allysayap.ToMeetTests;
				PRODUCT_NAME = "$(TARGET_NAME)";
				SWIFT_VERSION = 5.0;
				TARGETED_DEVICE_FAMILY = "1,2";
				TEST_HOST = "$(BUILT_PRODUCTS_DIR)/ToMeet.app/ToMeet";
			};
			name = Release;
		};
		695AB7F72744050200614091 /* Debug */ = {
			isa = XCBuildConfiguration;
			baseConfigurationReference = E1C46CCC58FBCAC6274225EE /* Pods-ToMeet-ToMeetUITests.debug.xcconfig */;
			buildSettings = {
				ALWAYS_EMBED_SWIFT_STANDARD_LIBRARIES = YES;
				CODE_SIGN_STYLE = Automatic;
				INFOPLIST_FILE = ToMeetUITests/Info.plist;
				LD_RUNPATH_SEARCH_PATHS = (
					"$(inherited)",
					"@executable_path/Frameworks",
					"@loader_path/Frameworks",
				);
				PRODUCT_BUNDLE_IDENTIFIER = allysayap.ToMeetUITests;
				PRODUCT_NAME = "$(TARGET_NAME)";
				SWIFT_VERSION = 5.0;
				TARGETED_DEVICE_FAMILY = "1,2";
				TEST_TARGET_NAME = ToMeet;
			};
			name = Debug;
		};
		695AB7F82744050200614091 /* Release */ = {
			isa = XCBuildConfiguration;
			baseConfigurationReference = 4EFEE5938CECB07436124507 /* Pods-ToMeet-ToMeetUITests.release.xcconfig */;
			buildSettings = {
				ALWAYS_EMBED_SWIFT_STANDARD_LIBRARIES = YES;
				CODE_SIGN_STYLE = Automatic;
				INFOPLIST_FILE = ToMeetUITests/Info.plist;
				LD_RUNPATH_SEARCH_PATHS = (
					"$(inherited)",
					"@executable_path/Frameworks",
					"@loader_path/Frameworks",
				);
				PRODUCT_BUNDLE_IDENTIFIER = allysayap.ToMeetUITests;
				PRODUCT_NAME = "$(TARGET_NAME)";
				SWIFT_VERSION = 5.0;
				TARGETED_DEVICE_FAMILY = "1,2";
				TEST_TARGET_NAME = ToMeet;
			};
			name = Release;
		};
/* End XCBuildConfiguration section */

/* Begin XCConfigurationList section */
		695AB7C1274404FC00614091 /* Build configuration list for PBXProject "ToMeet" */ = {
			isa = XCConfigurationList;
			buildConfigurations = (
				695AB7EE2744050200614091 /* Debug */,
				695AB7EF2744050200614091 /* Release */,
			);
			defaultConfigurationIsVisible = 0;
			defaultConfigurationName = Release;
		};
		695AB7F02744050200614091 /* Build configuration list for PBXNativeTarget "ToMeet" */ = {
			isa = XCConfigurationList;
			buildConfigurations = (
				695AB7F12744050200614091 /* Debug */,
				695AB7F22744050200614091 /* Release */,
			);
			defaultConfigurationIsVisible = 0;
			defaultConfigurationName = Release;
		};
		695AB7F32744050200614091 /* Build configuration list for PBXNativeTarget "ToMeetTests" */ = {
			isa = XCConfigurationList;
			buildConfigurations = (
				695AB7F42744050200614091 /* Debug */,
				695AB7F52744050200614091 /* Release */,
			);
			defaultConfigurationIsVisible = 0;
			defaultConfigurationName = Release;
		};
		695AB7F62744050200614091 /* Build configuration list for PBXNativeTarget "ToMeetUITests" */ = {
			isa = XCConfigurationList;
			buildConfigurations = (
				695AB7F72744050200614091 /* Debug */,
				695AB7F82744050200614091 /* Release */,
			);
			defaultConfigurationIsVisible = 0;
			defaultConfigurationName = Release;
		};
/* End XCConfigurationList section */
	};
	rootObject = 695AB7BE274404FC00614091 /* Project object */;
}
